{
  "name": "npm-module-test",
  "version": "0.0.1",
  "lockfileVersion": 1,
  "requires": true,
  "dependencies": {
    "@types/emojione": {
      "version": "2.2.2",
      "resolved": "https://registry.npmjs.org/@types/emojione/-/emojione-2.2.2.tgz",
      "integrity": "sha512-ls01TUaTHC0MCBeGASpHTNx1vN2a1MH89n+Y/+QJaNUeM8exyia0DxYJ9SBZKysQsZe4BlR5vRw0NZ9Kh8vsnw=="
    },
    "emojione": {
      "version": "3.1.4",
      "resolved": "https://registry.npmjs.org/emojione/-/emojione-3.1.4.tgz",
      "integrity": "sha1-godn+74v/U+nXr7rqYc+g2Q9ZmQ="
    },
    "typescript": {
      "version": "2.8.4",
      "resolved": "https://registry.npmjs.org/typescript/-/typescript-2.8.4.tgz",
      "integrity": "sha512-IIU5cN1mR5J3z9jjdESJbnxikTrEz3lzAw/D0Tf45jHpBp55nY31UkUvmVHoffCfKHTqJs3fCLPDxknQTTFegQ==",
      "dev": true
    }
  }
}
